
Microsoft Visual Studio Solution File, Format Version 12.00
# Visual Studio 15
VisualStudioVersion = 15.0.27004.2010
MinimumVisualStudioVersion = 10.0.40219.1
Project("{FAE04EC0-301F-11D3-BF4B-00C04F79EFBC}") = "processAI1", "processAI1\processAI1.csproj", "{36004D15-45C2-41B3-BE41-1B2D6773C749}"
EndProject
Project("{2150E333-8FDC-42A3-9474-1A3956D46DE8}") = "Solution Items", "Solution Items", "{D64A0C82-F85D-43C0-A4D8-76941913C610}"
	ProjectSection(SolutionItems) = preProject
		Class1.cs = Class1.cs
	EndProjectSection
EndProject
Global
	GlobalSection(SolutionConfigurationPlatforms) = preSolution
		Debug|Any CPU = Debug|Any CPU
		Release|Any CPU = Release|Any CPU
	EndGlobalSection
	GlobalSection(ProjectConfigurationPlatforms) = postSolution
		{36004D15-45C2-41B3-BE41-1B2D6773C749}.Debug|Any CPU.ActiveCfg = Debug|Any CPU
		{36004D15-45C2-41B3-BE41-1B2D6773C749}.Debug|Any CPU.Build.0 = Debug|Any CPU
		{36004D15-45C2-41B3-BE41-1B2D6773C749}.Release|Any CPU.ActiveCfg = Release|Any CPU
		{36004D15-45C2-41B3-BE41-1B2D6773C749}.Release|Any CPU.Build.0 = Release|Any CPU
	EndGlobalSection
	GlobalSection(SolutionProperties) = preSolution
		HideSolutionNode = FALSE
	EndGlobalSection
	GlobalSection(ExtensibilityGlobals) = postSolution
		SolutionGuid = {DAF10D94-47DA-4ADB-BD0E-903624A47BA1}
	EndGlobalSection
EndGlobal
